
Microsoft Visual Studio Solution File, Format Version 12.00
# Visual Studio Version 17
VisualStudioVersion = 17.14.37111.16 d17.14
MinimumVisualStudioVersion = 10.0.40219.1
Project("{FAE04EC0-301F-11D3-BF4B-00C04F79EFBC}") = "ItemsMVCWebApp", "ItemsMVCWebApp\ItemsMVCWebApp.csproj", "{B56A3C4D-6B8A-4192-B6E6-3FF5495CE49A}"
EndProject
Project("{FAE04EC0-301F-11D3-BF4B-00C04F79EFBC}") = "ItemsMVCWebApp.Tests", "ItemsMVCWebApp.Tests\ItemsMVCWebApp.Tests.csproj", "{A08EA077-2083-425D-991F-202025884D6A}"
EndProject
Global
	GlobalSection(SolutionConfigurationPlatforms) = preSolution
		Debug|Any CPU = Debug|Any CPU
		Release|Any CPU = Release|Any CPU
	EndGlobalSection
	GlobalSection(ProjectConfigurationPlatforms) = postSolution
		{B56A3C4D-6B8A-4192-B6E6-3FF5495CE49A}.Debug|Any CPU.ActiveCfg = Debug|Any CPU
		{B56A3C4D-6B8A-4192-B6E6-3FF5495CE49A}.Debug|Any CPU.Build.0 = Debug|Any CPU
		{B56A3C4D-6B8A-4192-B6E6-3FF5495CE49A}.Release|Any CPU.ActiveCfg = Release|Any CPU
		{B56A3C4D-6B8A-4192-B6E6-3FF5495CE49A}.Release|Any CPU.Build.0 = Release|Any CPU
		{A08EA077-2083-425D-991F-202025884D6A}.Debug|Any CPU.ActiveCfg = Debug|Any CPU
		{A08EA077-2083-425D-991F-202025884D6A}.Debug|Any CPU.Build.0 = Debug|Any CPU
		{A08EA077-2083-425D-991F-202025884D6A}.Release|Any CPU.ActiveCfg = Release|Any CPU
		{A08EA077-2083-425D-991F-202025884D6A}.Release|Any CPU.Build.0 = Release|Any CPU
	EndGlobalSection
	GlobalSection(SolutionProperties) = preSolution
		HideSolutionNode = FALSE
	EndGlobalSection
	GlobalSection(ExtensibilityGlobals) = postSolution
		SolutionGuid = {E3B83FCB-1F5E-41DC-A561-C9CD8FB45664}
	EndGlobalSection
EndGlobal
